
Microsoft Visual Studio Solution File, Format Version 12.00
# Visual Studio 15
VisualStudioVersion = 15.0.26730.15
MinimumVisualStudioVersion = 10.0.40219.1
Project("{FAE04EC0-301F-11D3-BF4B-00C04F79EFBC}") = "Forum.Web", "Forum.Web\Forum.Web.csproj", "{2CE085FD-2FC6-4136-9A8B-E3C29485FAEA}"
EndProject
Project("{2150E333-8FDC-42A3-9474-1A3956D46DE8}") = ".Git", ".Git", "{F2E56E6B-3389-4636-9FB2-A745394789EE}"
	ProjectSection(SolutionItems) = preProject
		..\.gitignore = ..\.gitignore
	EndProjectSection
EndProject
Project("{FAE04EC0-301F-11D3-BF4B-00C04F79EFBC}") = "Community.Core", "Community.Core\Community.Core.csproj", "{727CC2FF-8744-44D6-943C-20EC737B9F36}"
EndProject
Project("{2150E333-8FDC-42A3-9474-1A3956D46DE8}") = ".Vs", ".Vs", "{8A3D737B-1865-49FD-B8C9-08E6B802F011}"
	ProjectSection(SolutionItems) = preProject
		.vs\config\applicationhost.config = .vs\config\applicationhost.config
	EndProjectSection
EndProject
Global
	GlobalSection(SolutionConfigurationPlatforms) = preSolution
		Debug|Any CPU = Debug|Any CPU
		Release|Any CPU = Release|Any CPU
	EndGlobalSection
	GlobalSection(ProjectConfigurationPlatforms) = postSolution
		{2CE085FD-2FC6-4136-9A8B-E3C29485FAEA}.Debug|Any CPU.ActiveCfg = Debug|Any CPU
		{2CE085FD-2FC6-4136-9A8B-E3C29485FAEA}.Debug|Any CPU.Build.0 = Debug|Any CPU
		{2CE085FD-2FC6-4136-9A8B-E3C29485FAEA}.Release|Any CPU.ActiveCfg = Release|Any CPU
		{2CE085FD-2FC6-4136-9A8B-E3C29485FAEA}.Release|Any CPU.Build.0 = Release|Any CPU
		{727CC2FF-8744-44D6-943C-20EC737B9F36}.Debug|Any CPU.ActiveCfg = Debug|Any CPU
		{727CC2FF-8744-44D6-943C-20EC737B9F36}.Debug|Any CPU.Build.0 = Debug|Any CPU
		{727CC2FF-8744-44D6-943C-20EC737B9F36}.Release|Any CPU.ActiveCfg = Release|Any CPU
		{727CC2FF-8744-44D6-943C-20EC737B9F36}.Release|Any CPU.Build.0 = Release|Any CPU
	EndGlobalSection
	GlobalSection(SolutionProperties) = preSolution
		HideSolutionNode = FALSE
	EndGlobalSection
	GlobalSection(ExtensibilityGlobals) = postSolution
		SolutionGuid = {EE2525DB-9BD3-4ECD-BEB2-AEDF4C520224}
	EndGlobalSection
EndGlobal
